
Microsoft Visual Studio Solution File, Format Version 12.00
# Visual Studio Version 17
VisualStudioVersion = 17.9.34728.123
MinimumVisualStudioVersion = 10.0.40219.1
Project("{9A19103F-16F7-4668-BE54-9A1E7A4F7556}") = "MTGRecognition", "MTGRecognition\MTGRecognition.csproj", "{F0E2235E-7BFF-4120-A316-FDBF97D96689}"
EndProject
Project("{9A19103F-16F7-4668-BE54-9A1E7A4F7556}") = "MTGDataAccess", "MTGDataAccess\MTGDataAccess.csproj", "{4354D6D6-D98C-4ACC-A05A-A2248BCDB575}"
EndProject
Global
	GlobalSection(SolutionConfigurationPlatforms) = preSolution
		Debug|Any CPU = Debug|Any CPU
		Release|Any CPU = Release|Any CPU
	EndGlobalSection
	GlobalSection(ProjectConfigurationPlatforms) = postSolution
		{F0E2235E-7BFF-4120-A316-FDBF97D96689}.Debug|Any CPU.ActiveCfg = Debug|Any CPU
		{F0E2235E-7BFF-4120-A316-FDBF97D96689}.Debug|Any CPU.Build.0 = Debug|Any CPU
		{F0E2235E-7BFF-4120-A316-FDBF97D96689}.Release|Any CPU.ActiveCfg = Release|Any CPU
		{F0E2235E-7BFF-4120-A316-FDBF97D96689}.Release|Any CPU.Build.0 = Release|Any CPU
		{4354D6D6-D98C-4ACC-A05A-A2248BCDB575}.Debug|Any CPU.ActiveCfg = Debug|Any CPU
		{4354D6D6-D98C-4ACC-A05A-A2248BCDB575}.Debug|Any CPU.Build.0 = Debug|Any CPU
		{4354D6D6-D98C-4ACC-A05A-A2248BCDB575}.Release|Any CPU.ActiveCfg = Release|Any CPU
		{4354D6D6-D98C-4ACC-A05A-A2248BCDB575}.Release|Any CPU.Build.0 = Release|Any CPU
	EndGlobalSection
	GlobalSection(SolutionProperties) = preSolution
		HideSolutionNode = FALSE
	EndGlobalSection
	GlobalSection(ExtensibilityGlobals) = postSolution
		SolutionGuid = {C99ED43C-5B51-4430-97F5-182189B3D429}
	EndGlobalSection
EndGlobal
